// !$*UTF8*$!
{
	archiveVersion = 1;
	classes = {
	};
	objectVersion = 46;
	objects = {

/* Begin PBXBuildFile section */
		7180564115AB2D7200823665 /* UIKit.framework in Frameworks */ = {isa = PBXBuildFile; fileRef = 7180564015AB2D7200823665 /* UIKit.framework */; };
		7180564315AB2D7200823665 /* Foundation.framework in Frameworks */ = {isa = PBXBuildFile; fileRef = 7180564215AB2D7200823665 /* Foundation.framework */; };
		7180564515AB2D7200823665 /* CoreGraphics.framework in Frameworks */ = {isa = PBXBuildFile; fileRef = 7180564415AB2D7200823665 /* CoreGraphics.framework */; };
		7180564B15AB2D7200823665 /* InfoPlist.strings in Resources */ = {isa = PBXBuildFile; fileRef = 7180564915AB2D7200823665 /* InfoPlist.strings */; };
		7180564D15AB2D7200823665 /* main.m in Sources */ = {isa = PBXBuildFile; fileRef = 7180564C15AB2D7200823665 /* main.m */; };
		7180565115AB2D7200823665 /* KimDictionaryAppDelegate.m in Sources */ = {isa = PBXBuildFile; fileRef = 7180565015AB2D7200823665 /* KimDictionaryAppDelegate.m */; };
		7180565415AB2D7200823665 /* MainStoryboard_iPhone.storyboard in Resources */ = {isa = PBXBuildFile; fileRef = 7180565215AB2D7200823665 /* MainStoryboard_iPhone.storyboard */; };
		7180565715AB2D7200823665 /* MainStoryboard_iPad.storyboard in Resources */ = {isa = PBXBuildFile; fileRef = 7180565515AB2D7200823665 /* MainStoryboard_iPad.storyboard */; };
		7180565A15AB2D7200823665 /* KimDictionaryViewController.m in Sources */ = {isa = PBXBuildFile; fileRef = 7180565915AB2D7200823665 /* KimDictionaryViewController.m */; };
/* End PBXBuildFile section */

/* Begin PBXFileReference section */
		7180563C15AB2D7200823665 /* KimDictionary.app */ = {isa = PBXFileReference; explicitFileType = wrapper.application; includeInIndex = 0; path = KimDictionary.app; sourceTree = BUILT_PRODUCTS_DIR; };
		7180564015AB2D7200823665 /* UIKit.framework */ = {isa = PBXFileReference; lastKnownFileType = wrapper.framework; name = UIKit.framework; path = System/Library/Frameworks/UIKit.framework; sourceTree = SDKROOT; };
		7180564215AB2D7200823665 /* Foundation.framework */ = {isa = PBXFileReference; lastKnownFileType = wrapper.framework; name = Foundation.framework; path = System/Library/Frameworks/Foundation.framework; sourceTree = SDKROOT; };
		7180564415AB2D7200823665 /* CoreGraphics.framework */ = {isa = PBXFileReference; lastKnownFileType = wrapper.framework; name = CoreGraphics.framework; path = System/Library/Frameworks/CoreGraphics.framework; sourceTree = SDKROOT; };
		7180564815AB2D7200823665 /* KimDictionary-Info.plist */ = {isa = PBXFileReference; lastKnownFileType = text.plist.xml; path = "KimDictionary-Info.plist"; sourceTree = "<group>"; };
		7180564A15AB2D7200823665 /* en */ = {isa = PBXFileReference; lastKnownFileType = text.plist.strings; name = en; path = en.lproj/InfoPlist.strings; sourceTree = "<group>"; };
		7180564C15AB2D7200823665 /* main.m */ = {isa = PBXFileReference; lastKnownFileType = sourcecode.c.objc; path = main.m; sourceTree = "<group>"; };
		7180564E15AB2D7200823665 /* KimDictionary-Prefix.pch */ = {isa = PBXFileReference; lastKnownFileType = sourcecode.c.h; path = "KimDictionary-Prefix.pch"; sourceTree = "<group>"; };
		7180564F15AB2D7200823665 /* KimDictionaryAppDelegate.h */ = {isa = PBXFileReference; lastKnownFileType = sourcecode.c.h; path = KimDictionaryAppDelegate.h; sourceTree = "<group>"; };
		7180565015AB2D7200823665 /* KimDictionaryAppDelegate.m */ = {isa = PBXFileReference; lastKnownFileType = sourcecode.c.objc; path = KimDictionaryAppDelegate.m; sourceTree = "<group>"; };
		7180565315AB2D7200823665 /* en */ = {isa = PBXFileReference; lastKnownFileType = file.storyboard; name = en; path = en.lproj/MainStoryboard_iPhone.storyboard; sourceTree = "<group>"; };
		7180565615AB2D7200823665 /* en */ = {isa = PBXFileReference; lastKnownFileType = file.storyboard; name = en; path = en.lproj/MainStoryboard_iPad.storyboard; sourceTree = "<group>"; };
		7180565815AB2D7200823665 /* KimDictionaryViewController.h */ = {isa = PBXFileReference; lastKnownFileType = sourcecode.c.h; path = KimDictionaryViewController.h; sourceTree = "<group>"; };
		7180565915AB2D7200823665 /* KimDictionaryViewController.m */ = {isa = PBXFileReference; lastKnownFileType = sourcecode.c.objc; path = KimDictionaryViewController.m; sourceTree = "<group>"; };
/* End PBXFileReference section */

/* Begin PBXFrameworksBuildPhase section */
		7180563915AB2D7200823665 /* Frameworks */ = {
			isa = PBXFrameworksBuildPhase;
			buildActionMask = 2147483647;
			files = (
				7180564115AB2D7200823665 /* UIKit.framework in Frameworks */,
				7180564315AB2D7200823665 /* Foundation.framework in Frameworks */,
				7180564515AB2D7200823665 /* CoreGraphics.framework in Frameworks */,
			);
			runOnlyForDeploymentPostprocessing = 0;
		};
/* End PBXFrameworksBuildPhase section */

/* Begin PBXGroup section */
		7180563115AB2D7200823665 = {
			isa = PBXGroup;
			children = (
				7180564615AB2D7200823665 /* KimDictionary */,
				7180563F15AB2D7200823665 /* Frameworks */,
				7180563D15AB2D7200823665 /* Products */,
			);
			sourceTree = "<group>";
		};
		7180563D15AB2D7200823665 /* Products */ = {
			isa = PBXGroup;
			children = (
				7180563C15AB2D7200823665 /* KimDictionary.app */,
			);
			name = Products;
			sourceTree = "<group>";
		};
		7180563F15AB2D7200823665 /* Frameworks */ = {
			isa = PBXGroup;
			children = (
				7180564015AB2D7200823665 /* UIKit.framework */,
				7180564215AB2D7200823665 /* Foundation.framework */,
				7180564415AB2D7200823665 /* CoreGraphics.framework */,
			);
			name = Frameworks;
			sourceTree = "<group>";
		};
		7180564615AB2D7200823665 /* KimDictionary */ = {
			isa = PBXGroup;
			children = (
				7180564F15AB2D7200823665 /* KimDictionaryAppDelegate.h */,
				7180565015AB2D7200823665 /* KimDictionaryAppDelegate.m */,
				7180565215AB2D7200823665 /* MainStoryboard_iPhone.storyboard */,
				7180565515AB2D7200823665 /* MainStoryboard_iPad.storyboard */,
				7180565815AB2D7200823665 /* KimDictionaryViewController.h */,
				7180565915AB2D7200823665 /* KimDictionaryViewController.m */,
				7180564715AB2D7200823665 /* Supporting Files */,
			);
			path = KimDictionary;
			sourceTree = "<group>";
		};
		7180564715AB2D7200823665 /* Supporting Files */ = {
			isa = PBXGroup;
			children = (
				7180564815AB2D7200823665 /* KimDictionary-Info.plist */,
				7180564915AB2D7200823665 /* InfoPlist.strings */,
				7180564C15AB2D7200823665 /* main.m */,
				7180564E15AB2D7200823665 /* KimDictionary-Prefix.pch */,
			);
			name = "Supporting Files";
			sourceTree = "<group>";
		};
/* End PBXGroup section */

/* Begin PBXNativeTarget section */
		7180563B15AB2D7200823665 /* KimDictionary */ = {
			isa = PBXNativeTarget;
			buildConfigurationList = 7180565D15AB2D7200823665 /* Build configuration list for PBXNativeTarget "KimDictionary" */;
			buildPhases = (
				7180563815AB2D7200823665 /* Sources */,
				7180563915AB2D7200823665 /* Frameworks */,
				7180563A15AB2D7200823665 /* Resources */,
			);
			buildRules = (
			);
			dependencies = (
			);
			name = KimDictionary;
			productName = KimDictionary;
			productReference = 7180563C15AB2D7200823665 /* KimDictionary.app */;
			productType = "com.apple.product-type.application";
		};
/* End PBXNativeTarget section */

/* Begin PBXProject section */
		7180563315AB2D7200823665 /* Project object */ = {
			isa = PBXProject;
			attributes = {
				CLASSPREFIX = KimDictionary;
				LastUpgradeCheck = 0430;
				ORGANIZATIONNAME = "iFree Innovations";
			};
			buildConfigurationList = 7180563615AB2D7200823665 /* Build configuration list for PBXProject "KimDictionary" */;
			compatibilityVersion = "Xcode 3.2";
			developmentRegion = English;
			hasScannedForEncodings = 0;
			knownRegions = (
				en,
			);
			mainGroup = 7180563115AB2D7200823665;
			productRefGroup = 7180563D15AB2D7200823665 /* Products */;
			projectDirPath = "";
			projectRoot = "";
			targets = (
				7180563B15AB2D7200823665 /* KimDictionary */,
			);
		};
/* End PBXProject section */

/* Begin PBXResourcesBuildPhase section */
		7180563A15AB2D7200823665 /* Resources */ = {
			isa = PBXResourcesBuildPhase;
			buildActionMask = 2147483647;
			files = (
				7180564B15AB2D7200823665 /* InfoPlist.strings in Resources */,
				7180565415AB2D7200823665 /* MainStoryboard_iPhone.storyboard in Resources */,
				7180565715AB2D7200823665 /* MainStoryboard_iPad.storyboard in Resources */,
			);
			runOnlyForDeploymentPostprocessing = 0;
		};
/* End PBXResourcesBuildPhase section */

/* Begin PBXSourcesBuildPhase section */
		7180563815AB2D7200823665 /* Sources */ = {
			isa = PBXSourcesBuildPhase;
			buildActionMask = 2147483647;
			files = (
				7180564D15AB2D7200823665 /* main.m in Sources */,
				7180565115AB2D7200823665 /* KimDictionaryAppDelegate.m in Sources */,
				7180565A15AB2D7200823665 /* KimDictionaryViewController.m in Sources */,
			);
			runOnlyForDeploymentPostprocessing = 0;
		};
/* End PBXSourcesBuildPhase section */

/* Begin PBXVariantGroup section */
		7180564915AB2D7200823665 /* InfoPlist.strings */ = {
			isa = PBXVariantGroup;
			children = (
				7180564A15AB2D7200823665 /* en */,
			);
			name = InfoPlist.strings;
			sourceTree = "<group>";
		};
		7180565215AB2D7200823665 /* MainStoryboard_iPhone.storyboard */ = {
			isa = PBXVariantGroup;
			children = (
				7180565315AB2D7200823665 /* en */,
			);
			name = MainStoryboard_iPhone.storyboard;
			sourceTree = "<group>";
		};
		7180565515AB2D7200823665 /* MainStoryboard_iPad.storyboard */ = {
			isa = PBXVariantGroup;
			children = (
				7180565615AB2D7200823665 /* en */,
			);
			name = MainStoryboard_iPad.storyboard;
			sourceTree = "<group>";
		};
/* End PBXVariantGroup section */

/* Begin XCBuildConfiguration section */
		7180565B15AB2D7200823665 /* Debug */ = {
			isa = XCBuildConfiguration;
			buildSettings = {
				ALWAYS_SEARCH_USER_PATHS = NO;
				ARCHS = "$(ARCHS_STANDARD_32_BIT)";
				CLANG_ENABLE_OBJC_ARC = YES;
				"CODE_SIGN_IDENTITY[sdk=iphoneos*]" = "iPhone Developer";
				COPY_PHASE_STRIP = NO;
				GCC_C_LANGUAGE_STANDARD = gnu99;
				GCC_DYNAMIC_NO_PIC = NO;
				GCC_OPTIMIZATION_LEVEL = 0;
				GCC_PREPROCESSOR_DEFINITIONS = (
					"DEBUG=1",
					"$(inherited)",
				);
				GCC_SYMBOLS_PRIVATE_EXTERN = NO;
				GCC_VERSION = com.apple.compilers.llvm.clang.1_0;
				GCC_WARN_ABOUT_RETURN_TYPE = YES;
				GCC_WARN_UNINITIALIZED_AUTOS = YES;
				GCC_WARN_UNUSED_VARIABLE = YES;
				IPHONEOS_DEPLOYMENT_TARGET = 5.1;
				SDKROOT = iphoneos;
				TARGETED_DEVICE_FAMILY = "1,2";
			};
			name = Debug;
		};
		7180565C15AB2D7200823665 /* Release */ = {
			isa = XCBuildConfiguration;
			buildSettings = {
				ALWAYS_SEARCH_USER_PATHS = NO;
				ARCHS = "$(ARCHS_STANDARD_32_BIT)";
				CLANG_ENABLE_OBJC_ARC = YES;
				"CODE_SIGN_IDENTITY[sdk=iphoneos*]" = "iPhone Developer";
				COPY_PHASE_STRIP = YES;
				GCC_C_LANGUAGE_STANDARD = gnu99;
				GCC_VERSION = com.apple.compilers.llvm.clang.1_0;
				GCC_WARN_ABOUT_RETURN_TYPE = YES;
				GCC_WARN_UNINITIALIZED_AUTOS = YES;
				GCC_WARN_UNUSED_VARIABLE = YES;
				IPHONEOS_DEPLOYMENT_TARGET = 5.1;
				OTHER_CFLAGS = "-DNS_BLOCK_ASSERTIONS=1";
				SDKROOT = iphoneos;
				TARGETED_DEVICE_FAMILY = "1,2";
				VALIDATE_PRODUCT = YES;
			};
			name = Release;
		};
		7180565E15AB2D7200823665 /* Debug */ = {
			isa = XCBuildConfiguration;
			buildSettings = {
				GCC_PRECOMPILE_PREFIX_HEADER = YES;
				GCC_PREFIX_HEADER = "KimDictionary/KimDictionary-Prefix.pch";
				INFOPLIST_FILE = "KimDictionary/KimDictionary-Info.plist";
				PRODUCT_NAME = "$(TARGET_NAME)";
				WRAPPER_EXTENSION = app;
			};
			name = Debug;
		};
		7180565F15AB2D7200823665 /* Release */ = {
			isa = XCBuildConfiguration;
			buildSettings = {
				GCC_PRECOMPILE_PREFIX_HEADER = YES;
				GCC_PREFIX_HEADER = "KimDictionary/KimDictionary-Prefix.pch";
				INFOPLIST_FILE = "KimDictionary/KimDictionary-Info.plist";
				PRODUCT_NAME = "$(TARGET_NAME)";
				WRAPPER_EXTENSION = app;
			};
			name = Release;
		};
/* End XCBuildConfiguration section */

/* Begin XCConfigurationList section */
		7180563615AB2D7200823665 /* Build configuration list for PBXProject "KimDictionary" */ = {
			isa = XCConfigurationList;
			buildConfigurations = (
				7180565B15AB2D7200823665 /* Debug */,
				7180565C15AB2D7200823665 /* Release */,
			);
			defaultConfigurationIsVisible = 0;
			defaultConfigurationName = Release;
		};
		7180565D15AB2D7200823665 /* Build configuration list for PBXNativeTarget "KimDictionary" */ = {
			isa = XCConfigurationList;
			buildConfigurations = (
				7180565E15AB2D7200823665 /* Debug */,
				7180565F15AB2D7200823665 /* Release */,
			);
			defaultConfigurationIsVisible = 0;
		};
/* End XCConfigurationList section */
	};
	rootObject = 7180563315AB2D7200823665 /* Project object */;
}
